{
  "name": "chris-portfolio-app",
  "version": "0.1.0",
  "lockfileVersion": 1,
  "requires": true,
  "dependencies": {
    "aphrodite": {
      "version": "1.2.3",
      "resolved": "https://registry.npmjs.org/aphrodite/-/aphrodite-1.2.3.tgz",
      "integrity": "sha512-Ae36tHlTjRcqrKi24cBq81epOx/JyeR0IOM6h2278bYa833WcXkILjdXgg+aFDmYuCMUPr7+TG7xi92kZipkbQ==",
      "requires": {
        "asap": "2.0.6",
        "inline-style-prefixer": "3.0.7",
        "string-hash": "1.1.3"
      }
    },
    "asap": {
      "version": "2.0.6",
      "resolved": "https://registry.npmjs.org/asap/-/asap-2.0.6.tgz",
      "integrity": "sha1-5QNHYR1+aQlDIIu9r+vLwvuGbUY="
    },
    "bowser": {
      "version": "1.7.1",
      "resolved": "https://registry.npmjs.org/bowser/-/bowser-1.7.1.tgz",
      "integrity": "sha1-pN6PGKGg3JUx6yqSoVIftqm6lqU="
    },
    "css-in-js-utils": {
      "version": "1.0.3",
      "resolved": "https://registry.npmjs.org/css-in-js-utils/-/css-in-js-utils-1.0.3.tgz",
      "integrity": "sha1-msfgL3Y8+F2UAXZmVl7WiltfMhU=",
      "requires": {
        "hyphenate-style-name": "1.0.2"
      }
    },
    "hyphenate-style-name": {
      "version": "1.0.2",
      "resolved": "https://registry.npmjs.org/hyphenate-style-name/-/hyphenate-style-name-1.0.2.tgz",
      "integrity": "sha1-MRYKNpMK2vH8BMYHT360FGXU7Es="
    },
    "inline-style-prefixer": {
      "version": "3.0.7",
      "resolved": "https://registry.npmjs.org/inline-style-prefixer/-/inline-style-prefixer-3.0.7.tgz",
      "integrity": "sha1-DMyS5ZAv5uDSjZdcQlhEP4gGFfg=",
      "requires": {
        "bowser": "1.7.1",
        "css-in-js-utils": "1.0.3"
      }
    },
    "string-hash": {
      "version": "1.1.3",
      "resolved": "https://registry.npmjs.org/string-hash/-/string-hash-1.1.3.tgz",
      "integrity": "sha1-6Kr8CsGFW0Zmkp7X3RJ1311sgRs="
    }
  }
}
